
Microsoft Visual Studio Solution File, Format Version 12.00
# Visual Studio Version 16
VisualStudioVersion = 16.0.29306.81
MinimumVisualStudioVersion = 10.0.40219.1
Project("{FAE04EC0-301F-11D3-BF4B-00C04F79EFBC}") = "WindowsFormsApp3", "WindowsFormsApp3\WindowsFormsApp3.csproj", "{090D118C-1E42-4C03-8148-454BC7C78EAE}"
EndProject
Global
	GlobalSection(SolutionConfigurationPlatforms) = preSolution
		Debug|Any CPU = Debug|Any CPU
		Release|Any CPU = Release|Any CPU
	EndGlobalSection
	GlobalSection(ProjectConfigurationPlatforms) = postSolution
		{090D118C-1E42-4C03-8148-454BC7C78EAE}.Debug|Any CPU.ActiveCfg = Debug|Any CPU
		{090D118C-1E42-4C03-8148-454BC7C78EAE}.Debug|Any CPU.Build.0 = Debug|Any CPU
		{090D118C-1E42-4C03-8148-454BC7C78EAE}.Release|Any CPU.ActiveCfg = Release|Any CPU
		{090D118C-1E42-4C03-8148-454BC7C78EAE}.Release|Any CPU.Build.0 = Release|Any CPU
	EndGlobalSection
	GlobalSection(SolutionProperties) = preSolution
		HideSolutionNode = FALSE
	EndGlobalSection
	GlobalSection(ExtensibilityGlobals) = postSolution
		SolutionGuid = {7DD5C83A-020D-4D5F-AFC6-D448D11AF9F4}
	EndGlobalSection
EndGlobal
